
Microsoft Visual Studio Solution File, Format Version 12.00
# Visual Studio Version 17
VisualStudioVersion = 17.2.32519.379
MinimumVisualStudioVersion = 10.0.40219.1
Project("{9A19103F-16F7-4668-BE54-9A1E7A4F7556}") = "ConsoleApp1", "ConsoleApp1\ConsoleApp1.csproj", "{C670FDCE-F978-47BF-9AFE-EB57AD832472}"
EndProject
Project("{9A19103F-16F7-4668-BE54-9A1E7A4F7556}") = "ConsoleApp2", "ConsoleApp2\ConsoleApp2.csproj", "{A3349F04-0447-4219-947E-57B6E9D2A2C9}"
EndProject
Project("{9A19103F-16F7-4668-BE54-9A1E7A4F7556}") = "ConsoleApp3", "ConsoleApp3\ConsoleApp3.csproj", "{0B062E66-F1BC-4BC2-9162-19A174931BBC}"
EndProject
Project("{9A19103F-16F7-4668-BE54-9A1E7A4F7556}") = "Hotel", "Hotel\Hotel.csproj", "{AE847E91-5499-475A-B447-414633436BFB}"
EndProject
Project("{FAE04EC0-301F-11D3-BF4B-00C04F79EFBC}") = "HotelAdoNet", "HotelAdoNet\HotelAdoNet.csproj", "{7856BB0A-6A3E-4C59-9066-AEB7E4E42F8B}"
EndProject
Global
	GlobalSection(SolutionConfigurationPlatforms) = preSolution
		Debug|Any CPU = Debug|Any CPU
		Release|Any CPU = Release|Any CPU
	EndGlobalSection
	GlobalSection(ProjectConfigurationPlatforms) = postSolution
		{C670FDCE-F978-47BF-9AFE-EB57AD832472}.Debug|Any CPU.ActiveCfg = Debug|Any CPU
		{C670FDCE-F978-47BF-9AFE-EB57AD832472}.Debug|Any CPU.Build.0 = Debug|Any CPU
		{C670FDCE-F978-47BF-9AFE-EB57AD832472}.Release|Any CPU.ActiveCfg = Release|Any CPU
		{C670FDCE-F978-47BF-9AFE-EB57AD832472}.Release|Any CPU.Build.0 = Release|Any CPU
		{A3349F04-0447-4219-947E-57B6E9D2A2C9}.Debug|Any CPU.ActiveCfg = Debug|Any CPU
		{A3349F04-0447-4219-947E-57B6E9D2A2C9}.Debug|Any CPU.Build.0 = Debug|Any CPU
		{A3349F04-0447-4219-947E-57B6E9D2A2C9}.Release|Any CPU.ActiveCfg = Release|Any CPU
		{A3349F04-0447-4219-947E-57B6E9D2A2C9}.Release|Any CPU.Build.0 = Release|Any CPU
		{0B062E66-F1BC-4BC2-9162-19A174931BBC}.Debug|Any CPU.ActiveCfg = Debug|Any CPU
		{0B062E66-F1BC-4BC2-9162-19A174931BBC}.Debug|Any CPU.Build.0 = Debug|Any CPU
		{0B062E66-F1BC-4BC2-9162-19A174931BBC}.Release|Any CPU.ActiveCfg = Release|Any CPU
		{0B062E66-F1BC-4BC2-9162-19A174931BBC}.Release|Any CPU.Build.0 = Release|Any CPU
		{AE847E91-5499-475A-B447-414633436BFB}.Debug|Any CPU.ActiveCfg = Debug|Any CPU
		{AE847E91-5499-475A-B447-414633436BFB}.Debug|Any CPU.Build.0 = Debug|Any CPU
		{AE847E91-5499-475A-B447-414633436BFB}.Release|Any CPU.ActiveCfg = Release|Any CPU
		{AE847E91-5499-475A-B447-414633436BFB}.Release|Any CPU.Build.0 = Release|Any CPU
		{7856BB0A-6A3E-4C59-9066-AEB7E4E42F8B}.Debug|Any CPU.ActiveCfg = Debug|Any CPU
		{7856BB0A-6A3E-4C59-9066-AEB7E4E42F8B}.Debug|Any CPU.Build.0 = Debug|Any CPU
		{7856BB0A-6A3E-4C59-9066-AEB7E4E42F8B}.Release|Any CPU.ActiveCfg = Release|Any CPU
		{7856BB0A-6A3E-4C59-9066-AEB7E4E42F8B}.Release|Any CPU.Build.0 = Release|Any CPU
	EndGlobalSection
	GlobalSection(SolutionProperties) = preSolution
		HideSolutionNode = FALSE
	EndGlobalSection
	GlobalSection(ExtensibilityGlobals) = postSolution
		SolutionGuid = {FD9CA09E-DC76-4FF5-87EA-DDD94F0AAB06}
	EndGlobalSection
EndGlobal
